// !$*UTF8*$!
{
	archiveVersion = 1;
	classes = {
	};
	objectVersion = 48;
	objects = {

/* Begin PBXBuildFile section */
		5E62F2A51FC5D84A001E719F /* AppDelegate.m in Sources */ = {isa = PBXBuildFile; fileRef = 5E62F2A41FC5D84A001E719F /* AppDelegate.m */; };
		5E62F2AB1FC5D84A001E719F /* Main.storyboard in Resources */ = {isa = PBXBuildFile; fileRef = 5E62F2A91FC5D84A001E719F /* Main.storyboard */; };
		5E62F2AD1FC5D84A001E719F /* Assets.xcassets in Resources */ = {isa = PBXBuildFile; fileRef = 5E62F2AC1FC5D84A001E719F /* Assets.xcassets */; };
		5E62F2B01FC5D84A001E719F /* LaunchScreen.storyboard in Resources */ = {isa = PBXBuildFile; fileRef = 5E62F2AE1FC5D84A001E719F /* LaunchScreen.storyboard */; };
		5E62F2B31FC5D84A001E719F /* main.m in Sources */ = {isa = PBXBuildFile; fileRef = 5E62F2B21FC5D84A001E719F /* main.m */; };
		5E62F2BE1FC5DB20001E719F /* UIContactCellTableViewCell.m in Sources */ = {isa = PBXBuildFile; fileRef = 5E62F2BC1FC5DB20001E719F /* UIContactCellTableViewCell.m */; };
		5E62F2BF1FC5DB20001E719F /* UIContactCellTableViewCell.xib in Resources */ = {isa = PBXBuildFile; fileRef = 5E62F2BD1FC5DB20001E719F /* UIContactCellTableViewCell.xib */; };
		5E62F2C21FC5DB38001E719F /* TWContact.m in Sources */ = {isa = PBXBuildFile; fileRef = 5E62F2C11FC5DB38001E719F /* TWContact.m */; };
		5E62F2CB1FC5E399001E719F /* ContactSdk.mm in Sources */ = {isa = PBXBuildFile; fileRef = 5E62F2CA1FC5E399001E719F /* ContactSdk.mm */; };
		5E62F2D01FC5E7B5001E719F /* base-contact-sdk.cpp in Sources */ = {isa = PBXBuildFile; fileRef = 5E62F2CE1FC5E7B5001E719F /* base-contact-sdk.cpp */; };
		5E62F2D11FC5E7B5001E719F /* inc in Sources */ = {isa = PBXBuildFile; fileRef = 5E62F2CF1FC5E7B5001E719F /* inc */; };
		5E62F2FC1FC5EDA2001E719F /* base-contact-sdk.h in Sources */ = {isa = PBXBuildFile; fileRef = 5E62F2FB1FC5EDA2001E719F /* base-contact-sdk.h */; };
		5E62F2FE1FC5EE37001E719F /* MainViewController.mm in Sources */ = {isa = PBXBuildFile; fileRef = 5E62F2FD1FC5EE37001E719F /* MainViewController.mm */; };
/* End PBXBuildFile section */

/* Begin PBXFileReference section */
		5E62F2A01FC5D84A001E719F /* TwilioContacts.app */ = {isa = PBXFileReference; explicitFileType = wrapper.application; includeInIndex = 0; path = TwilioContacts.app; sourceTree = BUILT_PRODUCTS_DIR; };
		5E62F2A31FC5D84A001E719F /* AppDelegate.h */ = {isa = PBXFileReference; lastKnownFileType = sourcecode.c.h; path = AppDelegate.h; sourceTree = "<group>"; };
		5E62F2A41FC5D84A001E719F /* AppDelegate.m */ = {isa = PBXFileReference; lastKnownFileType = sourcecode.c.objc; path = AppDelegate.m; sourceTree = "<group>"; };
		5E62F2A61FC5D84A001E719F /* MainViewController.h */ = {isa = PBXFileReference; lastKnownFileType = sourcecode.c.h; path = MainViewController.h; sourceTree = "<group>"; };
		5E62F2AA1FC5D84A001E719F /* Base */ = {isa = PBXFileReference; lastKnownFileType = file.storyboard; name = Base; path = Base.lproj/Main.storyboard; sourceTree = "<group>"; };
		5E62F2AC1FC5D84A001E719F /* Assets.xcassets */ = {isa = PBXFileReference; lastKnownFileType = folder.assetcatalog; path = Assets.xcassets; sourceTree = "<group>"; };
		5E62F2AF1FC5D84A001E719F /* Base */ = {isa = PBXFileReference; lastKnownFileType = file.storyboard; name = Base; path = Base.lproj/LaunchScreen.storyboard; sourceTree = "<group>"; };
		5E62F2B11FC5D84A001E719F /* Info.plist */ = {isa = PBXFileReference; lastKnownFileType = text.plist.xml; path = Info.plist; sourceTree = "<group>"; };
		5E62F2B21FC5D84A001E719F /* main.m */ = {isa = PBXFileReference; lastKnownFileType = sourcecode.c.objc; path = main.m; sourceTree = "<group>"; };
		5E62F2BB1FC5DB20001E719F /* UIContactCellTableViewCell.h */ = {isa = PBXFileReference; lastKnownFileType = sourcecode.c.h; path = UIContactCellTableViewCell.h; sourceTree = "<group>"; };
		5E62F2BC1FC5DB20001E719F /* UIContactCellTableViewCell.m */ = {isa = PBXFileReference; lastKnownFileType = sourcecode.c.objc; path = UIContactCellTableViewCell.m; sourceTree = "<group>"; };
		5E62F2BD1FC5DB20001E719F /* UIContactCellTableViewCell.xib */ = {isa = PBXFileReference; lastKnownFileType = file.xib; path = UIContactCellTableViewCell.xib; sourceTree = "<group>"; };
		5E62F2C01FC5DB38001E719F /* TWContact.h */ = {isa = PBXFileReference; lastKnownFileType = sourcecode.c.h; path = TWContact.h; sourceTree = "<group>"; };
		5E62F2C11FC5DB38001E719F /* TWContact.m */ = {isa = PBXFileReference; lastKnownFileType = sourcecode.c.objc; path = TWContact.m; sourceTree = "<group>"; };
		5E62F2C41FC5DF10001E719F /* ContactSdk.h */ = {isa = PBXFileReference; lastKnownFileType = sourcecode.c.h; path = ContactSdk.h; sourceTree = "<group>"; };
		5E62F2CA1FC5E399001E719F /* ContactSdk.mm */ = {isa = PBXFileReference; fileEncoding = 4; lastKnownFileType = sourcecode.cpp.objcpp; path = ContactSdk.mm; sourceTree = "<group>"; };
		5E62F2CE1FC5E7B5001E719F /* base-contact-sdk.cpp */ = {isa = PBXFileReference; lastKnownFileType = sourcecode.cpp.cpp; name = "base-contact-sdk.cpp"; path = "TwilioContacts/Cpp/src/base-contact-sdk.cpp"; sourceTree = "<group>"; };
		5E62F2CF1FC5E7B5001E719F /* inc */ = {isa = PBXFileReference; lastKnownFileType = folder; name = inc; path = TwilioContacts/Cpp/src/inc; sourceTree = "<group>"; };
		5E62F2FB1FC5EDA2001E719F /* base-contact-sdk.h */ = {isa = PBXFileReference; lastKnownFileType = sourcecode.c.h; name = "base-contact-sdk.h"; path = "TwilioContacts/Cpp/src/inc/base-contact-sdk.h"; sourceTree = "<group>"; };
		5E62F2FD1FC5EE37001E719F /* MainViewController.mm */ = {isa = PBXFileReference; lastKnownFileType = sourcecode.cpp.objcpp; path = MainViewController.mm; sourceTree = "<group>"; };
/* End PBXFileReference section */

/* Begin PBXFrameworksBuildPhase section */
		5E62F29D1FC5D84A001E719F /* Frameworks */ = {
			isa = PBXFrameworksBuildPhase;
			buildActionMask = 2147483647;
			files = (
			);
			runOnlyForDeploymentPostprocessing = 0;
		};
/* End PBXFrameworksBuildPhase section */

/* Begin PBXGroup section */
		5E62F2971FC5D84A001E719F = {
			isa = PBXGroup;
			children = (
				5E62F2FB1FC5EDA2001E719F /* base-contact-sdk.h */,
				5E62F2CE1FC5E7B5001E719F /* base-contact-sdk.cpp */,
				5E62F2CF1FC5E7B5001E719F /* inc */,
				5E62F2A21FC5D84A001E719F /* TwilioContacts */,
				5E62F2A11FC5D84A001E719F /* Products */,
			);
			sourceTree = "<group>";
		};
		5E62F2A11FC5D84A001E719F /* Products */ = {
			isa = PBXGroup;
			children = (
				5E62F2A01FC5D84A001E719F /* TwilioContacts.app */,
			);
			name = Products;
			sourceTree = "<group>";
		};
		5E62F2A21FC5D84A001E719F /* TwilioContacts */ = {
			isa = PBXGroup;
			children = (
				5E62F2C71FC5E1E9001E719F /* Cpp */,
				5E62F2C31FC5DF02001E719F /* Managers */,
				5E62F2BA1FC5DAB0001E719F /* UI */,
				5E62F2B91FC5DAAA001E719F /* Models */,
				5E62F2A31FC5D84A001E719F /* AppDelegate.h */,
				5E62F2A41FC5D84A001E719F /* AppDelegate.m */,
				5E62F2A61FC5D84A001E719F /* MainViewController.h */,
				5E62F2FD1FC5EE37001E719F /* MainViewController.mm */,
				5E62F2A91FC5D84A001E719F /* Main.storyboard */,
				5E62F2AC1FC5D84A001E719F /* Assets.xcassets */,
				5E62F2AE1FC5D84A001E719F /* LaunchScreen.storyboard */,
				5E62F2B11FC5D84A001E719F /* Info.plist */,
				5E62F2B21FC5D84A001E719F /* main.m */,
			);
			path = TwilioContacts;
			sourceTree = "<group>";
		};
		5E62F2B91FC5DAAA001E719F /* Models */ = {
			isa = PBXGroup;
			children = (
				5E62F2C01FC5DB38001E719F /* TWContact.h */,
				5E62F2C11FC5DB38001E719F /* TWContact.m */,
			);
			path = Models;
			sourceTree = "<group>";
		};
		5E62F2BA1FC5DAB0001E719F /* UI */ = {
			isa = PBXGroup;
			children = (
				5E62F2BB1FC5DB20001E719F /* UIContactCellTableViewCell.h */,
				5E62F2BC1FC5DB20001E719F /* UIContactCellTableViewCell.m */,
				5E62F2BD1FC5DB20001E719F /* UIContactCellTableViewCell.xib */,
			);
			path = UI;
			sourceTree = "<group>";
		};
		5E62F2C31FC5DF02001E719F /* Managers */ = {
			isa = PBXGroup;
			children = (
				5E62F2CA1FC5E399001E719F /* ContactSdk.mm */,
				5E62F2C41FC5DF10001E719F /* ContactSdk.h */,
			);
			path = Managers;
			sourceTree = "<group>";
		};
		5E62F2C71FC5E1E9001E719F /* Cpp */ = {
			isa = PBXGroup;
			children = (
			);
			path = Cpp;
			sourceTree = "<group>";
		};
/* End PBXGroup section */

/* Begin PBXNativeTarget section */
		5E62F29F1FC5D84A001E719F /* TwilioContacts */ = {
			isa = PBXNativeTarget;
			buildConfigurationList = 5E62F2B61FC5D84A001E719F /* Build configuration list for PBXNativeTarget "TwilioContacts" */;
			buildPhases = (
				5E62F29C1FC5D84A001E719F /* Sources */,
				5E62F29D1FC5D84A001E719F /* Frameworks */,
				5E62F29E1FC5D84A001E719F /* Resources */,
			);
			buildRules = (
			);
			dependencies = (
			);
			name = TwilioContacts;
			productName = TwilioContacts;
			productReference = 5E62F2A01FC5D84A001E719F /* TwilioContacts.app */;
			productType = "com.apple.product-type.application";
		};
/* End PBXNativeTarget section */

/* Begin PBXProject section */
		5E62F2981FC5D84A001E719F /* Project object */ = {
			isa = PBXProject;
			attributes = {
				LastUpgradeCheck = 0900;
				ORGANIZATIONNAME = zackmatthews;
				TargetAttributes = {
					5E62F29F1FC5D84A001E719F = {
						CreatedOnToolsVersion = 9.0;
						ProvisioningStyle = Automatic;
					};
				};
			};
			buildConfigurationList = 5E62F29B1FC5D84A001E719F /* Build configuration list for PBXProject "TwilioContacts" */;
			compatibilityVersion = "Xcode 8.0";
			developmentRegion = en;
			hasScannedForEncodings = 0;
			knownRegions = (
				en,
				Base,
			);
			mainGroup = 5E62F2971FC5D84A001E719F;
			productRefGroup = 5E62F2A11FC5D84A001E719F /* Products */;
			projectDirPath = "";
			projectRoot = "";
			targets = (
				5E62F29F1FC5D84A001E719F /* TwilioContacts */,
			);
		};
/* End PBXProject section */

/* Begin PBXResourcesBuildPhase section */
		5E62F29E1FC5D84A001E719F /* Resources */ = {
			isa = PBXResourcesBuildPhase;
			buildActionMask = 2147483647;
			files = (
				5E62F2BF1FC5DB20001E719F /* UIContactCellTableViewCell.xib in Resources */,
				5E62F2B01FC5D84A001E719F /* LaunchScreen.storyboard in Resources */,
				5E62F2AD1FC5D84A001E719F /* Assets.xcassets in Resources */,
				5E62F2AB1FC5D84A001E719F /* Main.storyboard in Resources */,
			);
			runOnlyForDeploymentPostprocessing = 0;
		};
/* End PBXResourcesBuildPhase section */

/* Begin PBXSourcesBuildPhase section */
		5E62F29C1FC5D84A001E719F /* Sources */ = {
			isa = PBXSourcesBuildPhase;
			buildActionMask = 2147483647;
			files = (
				5E62F2FC1FC5EDA2001E719F /* base-contact-sdk.h in Sources */,
				5E62F2FE1FC5EE37001E719F /* MainViewController.mm in Sources */,
				5E62F2D01FC5E7B5001E719F /* base-contact-sdk.cpp in Sources */,
				5E62F2D11FC5E7B5001E719F /* inc in Sources */,
				5E62F2BE1FC5DB20001E719F /* UIContactCellTableViewCell.m in Sources */,
				5E62F2CB1FC5E399001E719F /* ContactSdk.mm in Sources */,
				5E62F2C21FC5DB38001E719F /* TWContact.m in Sources */,
				5E62F2B31FC5D84A001E719F /* main.m in Sources */,
				5E62F2A51FC5D84A001E719F /* AppDelegate.m in Sources */,
			);
			runOnlyForDeploymentPostprocessing = 0;
		};
/* End PBXSourcesBuildPhase section */

/* Begin PBXVariantGroup section */
		5E62F2A91FC5D84A001E719F /* Main.storyboard */ = {
			isa = PBXVariantGroup;
			children = (
				5E62F2AA1FC5D84A001E719F /* Base */,
			);
			name = Main.storyboard;
			sourceTree = "<group>";
		};
		5E62F2AE1FC5D84A001E719F /* LaunchScreen.storyboard */ = {
			isa = PBXVariantGroup;
			children = (
				5E62F2AF1FC5D84A001E719F /* Base */,
			);
			name = LaunchScreen.storyboard;
			sourceTree = "<group>";
		};
/* End PBXVariantGroup section */

/* Begin XCBuildConfiguration section */
		5E62F2B41FC5D84A001E719F /* Debug */ = {
			isa = XCBuildConfiguration;
			buildSettings = {
				ALWAYS_SEARCH_USER_PATHS = NO;
				CLANG_ANALYZER_NONNULL = YES;
				CLANG_ANALYZER_NUMBER_OBJECT_CONVERSION = YES_AGGRESSIVE;
				CLANG_CXX_LANGUAGE_STANDARD = "gnu++14";
				CLANG_CXX_LIBRARY = "libc++";
				CLANG_ENABLE_MODULES = YES;
				CLANG_ENABLE_OBJC_ARC = YES;
				CLANG_WARN_BLOCK_CAPTURE_AUTORELEASING = YES;
				CLANG_WARN_BOOL_CONVERSION = YES;
				CLANG_WARN_COMMA = YES;
				CLANG_WARN_CONSTANT_CONVERSION = YES;
				CLANG_WARN_DIRECT_OBJC_ISA_USAGE = YES_ERROR;
				CLANG_WARN_DOCUMENTATION_COMMENTS = YES;
				CLANG_WARN_EMPTY_BODY = YES;
				CLANG_WARN_ENUM_CONVERSION = YES;
				CLANG_WARN_INFINITE_RECURSION = YES;
				CLANG_WARN_INT_CONVERSION = YES;
				CLANG_WARN_NON_LITERAL_NULL_CONVERSION = YES;
				CLANG_WARN_OBJC_LITERAL_CONVERSION = YES;
				CLANG_WARN_OBJC_ROOT_CLASS = YES_ERROR;
				CLANG_WARN_RANGE_LOOP_ANALYSIS = YES;
				CLANG_WARN_STRICT_PROTOTYPES = YES;
				CLANG_WARN_SUSPICIOUS_MOVE = YES;
				CLANG_WARN_UNGUARDED_AVAILABILITY = YES_AGGRESSIVE;
				CLANG_WARN_UNREACHABLE_CODE = YES;
				CLANG_WARN__DUPLICATE_METHOD_MATCH = YES;
				CODE_SIGN_IDENTITY = "iPhone Developer";
				COPY_PHASE_STRIP = NO;
				DEBUG_INFORMATION_FORMAT = dwarf;
				ENABLE_STRICT_OBJC_MSGSEND = YES;
				ENABLE_TESTABILITY = YES;
				GCC_C_LANGUAGE_STANDARD = gnu11;
				GCC_DYNAMIC_NO_PIC = NO;
				GCC_NO_COMMON_BLOCKS = YES;
				GCC_OPTIMIZATION_LEVEL = 0;
				GCC_PREPROCESSOR_DEFINITIONS = (
					"DEBUG=1",
					"$(inherited)",
				);
				GCC_WARN_64_TO_32_BIT_CONVERSION = YES;
				GCC_WARN_ABOUT_RETURN_TYPE = YES_ERROR;
				GCC_WARN_UNDECLARED_SELECTOR = YES;
				GCC_WARN_UNINITIALIZED_AUTOS = YES_AGGRESSIVE;
				GCC_WARN_UNUSED_FUNCTION = YES;
				GCC_WARN_UNUSED_VARIABLE = YES;
				IPHONEOS_DEPLOYMENT_TARGET = 11.0;
				MTL_ENABLE_DEBUG_INFO = YES;
				ONLY_ACTIVE_ARCH = YES;
				SDKROOT = iphoneos;
			};
			name = Debug;
		};
		5E62F2B51FC5D84A001E719F /* Release */ = {
			isa = XCBuildConfiguration;
			buildSettings = {
				ALWAYS_SEARCH_USER_PATHS = NO;
				CLANG_ANALYZER_NONNULL = YES;
				CLANG_ANALYZER_NUMBER_OBJECT_CONVERSION = YES_AGGRESSIVE;
				CLANG_CXX_LANGUAGE_STANDARD = "gnu++14";
				CLANG_CXX_LIBRARY = "libc++";
				CLANG_ENABLE_MODULES = YES;
				CLANG_ENABLE_OBJC_ARC = YES;
				CLANG_WARN_BLOCK_CAPTURE_AUTORELEASING = YES;
				CLANG_WARN_BOOL_CONVERSION = YES;
				CLANG_WARN_COMMA = YES;
				CLANG_WARN_CONSTANT_CONVERSION = YES;
				CLANG_WARN_DIRECT_OBJC_ISA_USAGE = YES_ERROR;
				CLANG_WARN_DOCUMENTATION_COMMENTS = YES;
				CLANG_WARN_EMPTY_BODY = YES;
				CLANG_WARN_ENUM_CONVERSION = YES;
				CLANG_WARN_INFINITE_RECURSION = YES;
				CLANG_WARN_INT_CONVERSION = YES;
				CLANG_WARN_NON_LITERAL_NULL_CONVERSION = YES;
				CLANG_WARN_OBJC_LITERAL_CONVERSION = YES;
				CLANG_WARN_OBJC_ROOT_CLASS = YES_ERROR;
				CLANG_WARN_RANGE_LOOP_ANALYSIS = YES;
				CLANG_WARN_STRICT_PROTOTYPES = YES;
				CLANG_WARN_SUSPICIOUS_MOVE = YES;
				CLANG_WARN_UNGUARDED_AVAILABILITY = YES_AGGRESSIVE;
				CLANG_WARN_UNREACHABLE_CODE = YES;
				CLANG_WARN__DUPLICATE_METHOD_MATCH = YES;
				CODE_SIGN_IDENTITY = "iPhone Developer";
				COPY_PHASE_STRIP = NO;
				DEBUG_INFORMATION_FORMAT = "dwarf-with-dsym";
				ENABLE_NS_ASSERTIONS = NO;
				ENABLE_STRICT_OBJC_MSGSEND = YES;
				GCC_C_LANGUAGE_STANDARD = gnu11;
				GCC_NO_COMMON_BLOCKS = YES;
				GCC_WARN_64_TO_32_BIT_CONVERSION = YES;
				GCC_WARN_ABOUT_RETURN_TYPE = YES_ERROR;
				GCC_WARN_UNDECLARED_SELECTOR = YES;
				GCC_WARN_UNINITIALIZED_AUTOS = YES_AGGRESSIVE;
				GCC_WARN_UNUSED_FUNCTION = YES;
				GCC_WARN_UNUSED_VARIABLE = YES;
				IPHONEOS_DEPLOYMENT_TARGET = 11.0;
				MTL_ENABLE_DEBUG_INFO = NO;
				SDKROOT = iphoneos;
				VALIDATE_PRODUCT = YES;
			};
			name = Release;
		};
		5E62F2B71FC5D84A001E719F /* Debug */ = {
			isa = XCBuildConfiguration;
			buildSettings = {
				ALWAYS_SEARCH_USER_PATHS = YES;
				ASSETCATALOG_COMPILER_APPICON_NAME = AppIcon;
				CODE_SIGN_STYLE = Automatic;
				DEVELOPMENT_TEAM = A786WT7EUY;
				HEADER_SEARCH_PATHS = Cpp/src/inc;
				INFOPLIST_FILE = TwilioContacts/Info.plist;
				LD_RUNPATH_SEARCH_PATHS = "$(inherited) @executable_path/Frameworks";
				PRODUCT_BUNDLE_IDENTIFIER = com.zackmatthews.TwilioContacts;
				PRODUCT_NAME = "$(TARGET_NAME)";
				TARGETED_DEVICE_FAMILY = "1,2";
				USER_HEADER_SEARCH_PATHS = Cpp/src/inc;
			};
			name = Debug;
		};
		5E62F2B81FC5D84A001E719F /* Release */ = {
			isa = XCBuildConfiguration;
			buildSettings = {
				ALWAYS_SEARCH_USER_PATHS = YES;
				ASSETCATALOG_COMPILER_APPICON_NAME = AppIcon;
				CODE_SIGN_STYLE = Automatic;
				DEVELOPMENT_TEAM = A786WT7EUY;
				HEADER_SEARCH_PATHS = Cpp/src/inc;
				INFOPLIST_FILE = TwilioContacts/Info.plist;
				LD_RUNPATH_SEARCH_PATHS = "$(inherited) @executable_path/Frameworks";
				PRODUCT_BUNDLE_IDENTIFIER = com.zackmatthews.TwilioContacts;
				PRODUCT_NAME = "$(TARGET_NAME)";
				TARGETED_DEVICE_FAMILY = "1,2";
				USER_HEADER_SEARCH_PATHS = Cpp/src/inc;
			};
			name = Release;
		};
/* End XCBuildConfiguration section */

/* Begin XCConfigurationList section */
		5E62F29B1FC5D84A001E719F /* Build configuration list for PBXProject "TwilioContacts" */ = {
			isa = XCConfigurationList;
			buildConfigurations = (
				5E62F2B41FC5D84A001E719F /* Debug */,
				5E62F2B51FC5D84A001E719F /* Release */,
			);
			defaultConfigurationIsVisible = 0;
			defaultConfigurationName = Release;
		};
		5E62F2B61FC5D84A001E719F /* Build configuration list for PBXNativeTarget "TwilioContacts" */ = {
			isa = XCConfigurationList;
			buildConfigurations = (
				5E62F2B71FC5D84A001E719F /* Debug */,
				5E62F2B81FC5D84A001E719F /* Release */,
			);
			defaultConfigurationIsVisible = 0;
			defaultConfigurationName = Release;
		};
/* End XCConfigurationList section */
	};
	rootObject = 5E62F2981FC5D84A001E719F /* Project object */;
}
